{
  "requires": true,
  "lockfileVersion": 1,
  "dependencies": {
    "jquery": {
      "version": "3.5.1",
      "resolved": "https://registry.npm.taobao.org/jquery/download/jquery-3.5.1.tgz",
      "integrity": "sha1-17TQjhv9uGrS8aPQOeoXMEcXq7U="
    },
    "readmore-js": {
      "version": "2.2.1",
      "resolved": "https://registry.npm.taobao.org/readmore-js/download/readmore-js-2.2.1.tgz",
      "integrity": "sha1-q3UDbIpHtv+i09FM1SfH9HntwRc=",
      "requires": {
        "jquery": ">2.1.4"
      }
    }
  }
}
